// !$*UTF8*$!
{
	archiveVersion = 1;
	classes = {
	};
	objectVersion = 46;
	objects = {

/* Begin PBXBuildFile section */
		55469BD31F41DA3C0041F1A8 /* main.m in Sources */ = {isa = PBXBuildFile; fileRef = 55469BD21F41DA3C0041F1A8 /* main.m */; };
		55469BD61F41DA3C0041F1A8 /* AppDelegate.m in Sources */ = {isa = PBXBuildFile; fileRef = 55469BD51F41DA3C0041F1A8 /* AppDelegate.m */; };
		55469BD91F41DA3C0041F1A8 /* ViewController.m in Sources */ = {isa = PBXBuildFile; fileRef = 55469BD81F41DA3C0041F1A8 /* ViewController.m */; };
		55469BDC1F41DA3C0041F1A8 /* Main.storyboard in Resources */ = {isa = PBXBuildFile; fileRef = 55469BDA1F41DA3C0041F1A8 /* Main.storyboard */; };
		55469BDE1F41DA3C0041F1A8 /* Assets.xcassets in Resources */ = {isa = PBXBuildFile; fileRef = 55469BDD1F41DA3C0041F1A8 /* Assets.xcassets */; };
		55469BE11F41DA3C0041F1A8 /* LaunchScreen.storyboard in Resources */ = {isa = PBXBuildFile; fileRef = 55469BDF1F41DA3C0041F1A8 /* LaunchScreen.storyboard */; };
		55469BEC1F41DA3C0041F1A8 /* ____Tests.m in Sources */ = {isa = PBXBuildFile; fileRef = 55469BEB1F41DA3C0041F1A8 /* ____Tests.m */; };
		55469BF71F41DA3C0041F1A8 /* ____UITests.m in Sources */ = {isa = PBXBuildFile; fileRef = 55469BF61F41DA3C0041F1A8 /* ____UITests.m */; };
		55469C061F41DA560041F1A8 /* IndexMaxHeap.m in Sources */ = {isa = PBXBuildFile; fileRef = 55469C051F41DA560041F1A8 /* IndexMaxHeap.m */; };
/* End PBXBuildFile section */

/* Begin PBXContainerItemProxy section */
		55469BE81F41DA3C0041F1A8 /* PBXContainerItemProxy */ = {
			isa = PBXContainerItemProxy;
			containerPortal = 55469BC61F41DA3C0041F1A8 /* Project object */;
			proxyType = 1;
			remoteGlobalIDString = 55469BCD1F41DA3C0041F1A8;
			remoteInfo = "算法学习";
		};
		55469BF31F41DA3C0041F1A8 /* PBXContainerItemProxy */ = {
			isa = PBXContainerItemProxy;
			containerPortal = 55469BC61F41DA3C0041F1A8 /* Project object */;
			proxyType = 1;
			remoteGlobalIDString = 55469BCD1F41DA3C0041F1A8;
			remoteInfo = "算法学习";
		};
/* End PBXContainerItemProxy section */

/* Begin PBXFileReference section */
		55469BCE1F41DA3C0041F1A8 /* 算法学习.app */ = {isa = PBXFileReference; explicitFileType = wrapper.application; includeInIndex = 0; path = "算法学习.app"; sourceTree = BUILT_PRODUCTS_DIR; };
		55469BD21F41DA3C0041F1A8 /* main.m */ = {isa = PBXFileReference; lastKnownFileType = sourcecode.c.objc; path = main.m; sourceTree = "<group>"; };
		55469BD41F41DA3C0041F1A8 /* AppDelegate.h */ = {isa = PBXFileReference; lastKnownFileType = sourcecode.c.h; path = AppDelegate.h; sourceTree = "<group>"; };
		55469BD51F41DA3C0041F1A8 /* AppDelegate.m */ = {isa = PBXFileReference; lastKnownFileType = sourcecode.c.objc; path = AppDelegate.m; sourceTree = "<group>"; };
		55469BD71F41DA3C0041F1A8 /* ViewController.h */ = {isa = PBXFileReference; lastKnownFileType = sourcecode.c.h; path = ViewController.h; sourceTree = "<group>"; };
		55469BD81F41DA3C0041F1A8 /* ViewController.m */ = {isa = PBXFileReference; lastKnownFileType = sourcecode.c.objc; path = ViewController.m; sourceTree = "<group>"; };
		55469BDB1F41DA3C0041F1A8 /* Base */ = {isa = PBXFileReference; lastKnownFileType = file.storyboard; name = Base; path = Base.lproj/Main.storyboard; sourceTree = "<group>"; };
		55469BDD1F41DA3C0041F1A8 /* Assets.xcassets */ = {isa = PBXFileReference; lastKnownFileType = folder.assetcatalog; path = Assets.xcassets; sourceTree = "<group>"; };
		55469BE01F41DA3C0041F1A8 /* Base */ = {isa = PBXFileReference; lastKnownFileType = file.storyboard; name = Base; path = Base.lproj/LaunchScreen.storyboard; sourceTree = "<group>"; };
		55469BE21F41DA3C0041F1A8 /* Info.plist */ = {isa = PBXFileReference; lastKnownFileType = text.plist.xml; path = Info.plist; sourceTree = "<group>"; };
		55469BE71F41DA3C0041F1A8 /* 算法学习Tests.xctest */ = {isa = PBXFileReference; explicitFileType = wrapper.cfbundle; includeInIndex = 0; path = "算法学习Tests.xctest"; sourceTree = BUILT_PRODUCTS_DIR; };
		55469BEB1F41DA3C0041F1A8 /* ____Tests.m */ = {isa = PBXFileReference; lastKnownFileType = sourcecode.c.objc; path = "____Tests.m"; sourceTree = "<group>"; };
		55469BED1F41DA3C0041F1A8 /* Info.plist */ = {isa = PBXFileReference; lastKnownFileType = text.plist.xml; path = Info.plist; sourceTree = "<group>"; };
		55469BF21F41DA3C0041F1A8 /* 算法学习UITests.xctest */ = {isa = PBXFileReference; explicitFileType = wrapper.cfbundle; includeInIndex = 0; path = "算法学习UITests.xctest"; sourceTree = BUILT_PRODUCTS_DIR; };
		55469BF61F41DA3C0041F1A8 /* ____UITests.m */ = {isa = PBXFileReference; lastKnownFileType = sourcecode.c.objc; path = "____UITests.m"; sourceTree = "<group>"; };
		55469BF81F41DA3C0041F1A8 /* Info.plist */ = {isa = PBXFileReference; lastKnownFileType = text.plist.xml; path = Info.plist; sourceTree = "<group>"; };
		55469C041F41DA560041F1A8 /* IndexMaxHeap.h */ = {isa = PBXFileReference; fileEncoding = 4; lastKnownFileType = sourcecode.c.h; path = IndexMaxHeap.h; sourceTree = "<group>"; };
		55469C051F41DA560041F1A8 /* IndexMaxHeap.m */ = {isa = PBXFileReference; fileEncoding = 4; lastKnownFileType = sourcecode.c.objc; path = IndexMaxHeap.m; sourceTree = "<group>"; };
/* End PBXFileReference section */

/* Begin PBXFrameworksBuildPhase section */
		55469BCB1F41DA3C0041F1A8 /* Frameworks */ = {
			isa = PBXFrameworksBuildPhase;
			buildActionMask = 2147483647;
			files = (
			);
			runOnlyForDeploymentPostprocessing = 0;
		};
		55469BE41F41DA3C0041F1A8 /* Frameworks */ = {
			isa = PBXFrameworksBuildPhase;
			buildActionMask = 2147483647;
			files = (
			);
			runOnlyForDeploymentPostprocessing = 0;
		};
		55469BEF1F41DA3C0041F1A8 /* Frameworks */ = {
			isa = PBXFrameworksBuildPhase;
			buildActionMask = 2147483647;
			files = (
			);
			runOnlyForDeploymentPostprocessing = 0;
		};
/* End PBXFrameworksBuildPhase section */

/* Begin PBXGroup section */
		55469BC51F41DA3C0041F1A8 = {
			isa = PBXGroup;
			children = (
				55469BD01F41DA3C0041F1A8 /* 算法学习 */,
				55469BEA1F41DA3C0041F1A8 /* 算法学习Tests */,
				55469BF51F41DA3C0041F1A8 /* 算法学习UITests */,
				55469BCF1F41DA3C0041F1A8 /* Products */,
			);
			sourceTree = "<group>";
		};
		55469BCF1F41DA3C0041F1A8 /* Products */ = {
			isa = PBXGroup;
			children = (
				55469BCE1F41DA3C0041F1A8 /* 算法学习.app */,
				55469BE71F41DA3C0041F1A8 /* 算法学习Tests.xctest */,
				55469BF21F41DA3C0041F1A8 /* 算法学习UITests.xctest */,
			);
			name = Products;
			sourceTree = "<group>";
		};
		55469BD01F41DA3C0041F1A8 /* 算法学习 */ = {
			isa = PBXGroup;
			children = (
				55469BD41F41DA3C0041F1A8 /* AppDelegate.h */,
				55469BD51F41DA3C0041F1A8 /* AppDelegate.m */,
				55469BD71F41DA3C0041F1A8 /* ViewController.h */,
				55469BD81F41DA3C0041F1A8 /* ViewController.m */,
				55469C041F41DA560041F1A8 /* IndexMaxHeap.h */,
				55469C051F41DA560041F1A8 /* IndexMaxHeap.m */,
				55469BDA1F41DA3C0041F1A8 /* Main.storyboard */,
				55469BDD1F41DA3C0041F1A8 /* Assets.xcassets */,
				55469BDF1F41DA3C0041F1A8 /* LaunchScreen.storyboard */,
				55469BE21F41DA3C0041F1A8 /* Info.plist */,
				55469BD11F41DA3C0041F1A8 /* Supporting Files */,
			);
			path = "算法学习";
			sourceTree = "<group>";
		};
		55469BD11F41DA3C0041F1A8 /* Supporting Files */ = {
			isa = PBXGroup;
			children = (
				55469BD21F41DA3C0041F1A8 /* main.m */,
			);
			name = "Supporting Files";
			sourceTree = "<group>";
		};
		55469BEA1F41DA3C0041F1A8 /* 算法学习Tests */ = {
			isa = PBXGroup;
			children = (
				55469BEB1F41DA3C0041F1A8 /* ____Tests.m */,
				55469BED1F41DA3C0041F1A8 /* Info.plist */,
			);
			path = "算法学习Tests";
			sourceTree = "<group>";
		};
		55469BF51F41DA3C0041F1A8 /* 算法学习UITests */ = {
			isa = PBXGroup;
			children = (
				55469BF61F41DA3C0041F1A8 /* ____UITests.m */,
				55469BF81F41DA3C0041F1A8 /* Info.plist */,
			);
			path = "算法学习UITests";
			sourceTree = "<group>";
		};
/* End PBXGroup section */

/* Begin PBXNativeTarget section */
		55469BCD1F41DA3C0041F1A8 /* 算法学习 */ = {
			isa = PBXNativeTarget;
			buildConfigurationList = 55469BFB1F41DA3C0041F1A8 /* Build configuration list for PBXNativeTarget "算法学习" */;
			buildPhases = (
				55469BCA1F41DA3C0041F1A8 /* Sources */,
				55469BCB1F41DA3C0041F1A8 /* Frameworks */,
				55469BCC1F41DA3C0041F1A8 /* Resources */,
			);
			buildRules = (
			);
			dependencies = (
			);
			name = "算法学习";
			productName = "算法学习";
			productReference = 55469BCE1F41DA3C0041F1A8 /* 算法学习.app */;
			productType = "com.apple.product-type.application";
		};
		55469BE61F41DA3C0041F1A8 /* 算法学习Tests */ = {
			isa = PBXNativeTarget;
			buildConfigurationList = 55469BFE1F41DA3C0041F1A8 /* Build configuration list for PBXNativeTarget "算法学习Tests" */;
			buildPhases = (
				55469BE31F41DA3C0041F1A8 /* Sources */,
				55469BE41F41DA3C0041F1A8 /* Frameworks */,
				55469BE51F41DA3C0041F1A8 /* Resources */,
			);
			buildRules = (
			);
			dependencies = (
				55469BE91F41DA3C0041F1A8 /* PBXTargetDependency */,
			);
			name = "算法学习Tests";
			productName = "算法学习Tests";
			productReference = 55469BE71F41DA3C0041F1A8 /* 算法学习Tests.xctest */;
			productType = "com.apple.product-type.bundle.unit-test";
		};
		55469BF11F41DA3C0041F1A8 /* 算法学习UITests */ = {
			isa = PBXNativeTarget;
			buildConfigurationList = 55469C011F41DA3C0041F1A8 /* Build configuration list for PBXNativeTarget "算法学习UITests" */;
			buildPhases = (
				55469BEE1F41DA3C0041F1A8 /* Sources */,
				55469BEF1F41DA3C0041F1A8 /* Frameworks */,
				55469BF01F41DA3C0041F1A8 /* Resources */,
			);
			buildRules = (
			);
			dependencies = (
				55469BF41F41DA3C0041F1A8 /* PBXTargetDependency */,
			);
			name = "算法学习UITests";
			productName = "算法学习UITests";
			productReference = 55469BF21F41DA3C0041F1A8 /* 算法学习UITests.xctest */;
			productType = "com.apple.product-type.bundle.ui-testing";
		};
/* End PBXNativeTarget section */

/* Begin PBXProject section */
		55469BC61F41DA3C0041F1A8 /* Project object */ = {
			isa = PBXProject;
			attributes = {
				LastUpgradeCheck = 0830;
				ORGANIZATIONNAME = "王小辉";
				TargetAttributes = {
					55469BCD1F41DA3C0041F1A8 = {
						CreatedOnToolsVersion = 8.3.3;
						ProvisioningStyle = Automatic;
					};
					55469BE61F41DA3C0041F1A8 = {
						CreatedOnToolsVersion = 8.3.3;
						ProvisioningStyle = Automatic;
						TestTargetID = 55469BCD1F41DA3C0041F1A8;
					};
					55469BF11F41DA3C0041F1A8 = {
						CreatedOnToolsVersion = 8.3.3;
						ProvisioningStyle = Automatic;
						TestTargetID = 55469BCD1F41DA3C0041F1A8;
					};
				};
			};
			buildConfigurationList = 55469BC91F41DA3C0041F1A8 /* Build configuration list for PBXProject "算法学习" */;
			compatibilityVersion = "Xcode 3.2";
			developmentRegion = English;
			hasScannedForEncodings = 0;
			knownRegions = (
				en,
				Base,
			);
			mainGroup = 55469BC51F41DA3C0041F1A8;
			productRefGroup = 55469BCF1F41DA3C0041F1A8 /* Products */;
			projectDirPath = "";
			projectRoot = "";
			targets = (
				55469BCD1F41DA3C0041F1A8 /* 算法学习 */,
				55469BE61F41DA3C0041F1A8 /* 算法学习Tests */,
				55469BF11F41DA3C0041F1A8 /* 算法学习UITests */,
			);
		};
/* End PBXProject section */

/* Begin PBXResourcesBuildPhase section */
		55469BCC1F41DA3C0041F1A8 /* Resources */ = {
			isa = PBXResourcesBuildPhase;
			buildActionMask = 2147483647;
			files = (
				55469BE11F41DA3C0041F1A8 /* LaunchScreen.storyboard in Resources */,
				55469BDE1F41DA3C0041F1A8 /* Assets.xcassets in Resources */,
				55469BDC1F41DA3C0041F1A8 /* Main.storyboard in Resources */,
			);
			runOnlyForDeploymentPostprocessing = 0;
		};
		55469BE51F41DA3C0041F1A8 /* Resources */ = {
			isa = PBXResourcesBuildPhase;
			buildActionMask = 2147483647;
			files = (
			);
			runOnlyForDeploymentPostprocessing = 0;
		};
		55469BF01F41DA3C0041F1A8 /* Resources */ = {
			isa = PBXResourcesBuildPhase;
			buildActionMask = 2147483647;
			files = (
			);
			runOnlyForDeploymentPostprocessing = 0;
		};
/* End PBXResourcesBuildPhase section */

/* Begin PBXSourcesBuildPhase section */
		55469BCA1F41DA3C0041F1A8 /* Sources */ = {
			isa = PBXSourcesBuildPhase;
			buildActionMask = 2147483647;
			files = (
				55469BD91F41DA3C0041F1A8 /* ViewController.m in Sources */,
				55469C061F41DA560041F1A8 /* IndexMaxHeap.m in Sources */,
				55469BD61F41DA3C0041F1A8 /* AppDelegate.m in Sources */,
				55469BD31F41DA3C0041F1A8 /* main.m in Sources */,
			);
			runOnlyForDeploymentPostprocessing = 0;
		};
		55469BE31F41DA3C0041F1A8 /* Sources */ = {
			isa = PBXSourcesBuildPhase;
			buildActionMask = 2147483647;
			files = (
				55469BEC1F41DA3C0041F1A8 /* ____Tests.m in Sources */,
			);
			runOnlyForDeploymentPostprocessing = 0;
		};
		55469BEE1F41DA3C0041F1A8 /* Sources */ = {
			isa = PBXSourcesBuildPhase;
			buildActionMask = 2147483647;
			files = (
				55469BF71F41DA3C0041F1A8 /* ____UITests.m in Sources */,
			);
			runOnlyForDeploymentPostprocessing = 0;
		};
/* End PBXSourcesBuildPhase section */

/* Begin PBXTargetDependency section */
		55469BE91F41DA3C0041F1A8 /* PBXTargetDependency */ = {
			isa = PBXTargetDependency;
			target = 55469BCD1F41DA3C0041F1A8 /* 算法学习 */;
			targetProxy = 55469BE81F41DA3C0041F1A8 /* PBXContainerItemProxy */;
		};
		55469BF41F41DA3C0041F1A8 /* PBXTargetDependency */ = {
			isa = PBXTargetDependency;
			target = 55469BCD1F41DA3C0041F1A8 /* 算法学习 */;
			targetProxy = 55469BF31F41DA3C0041F1A8 /* PBXContainerItemProxy */;
		};
/* End PBXTargetDependency section */

/* Begin PBXVariantGroup section */
		55469BDA1F41DA3C0041F1A8 /* Main.storyboard */ = {
			isa = PBXVariantGroup;
			children = (
				55469BDB1F41DA3C0041F1A8 /* Base */,
			);
			name = Main.storyboard;
			sourceTree = "<group>";
		};
		55469BDF1F41DA3C0041F1A8 /* LaunchScreen.storyboard */ = {
			isa = PBXVariantGroup;
			children = (
				55469BE01F41DA3C0041F1A8 /* Base */,
			);
			name = LaunchScreen.storyboard;
			sourceTree = "<group>";
		};
/* End PBXVariantGroup section */

/* Begin XCBuildConfiguration section */
		55469BF91F41DA3C0041F1A8 /* Debug */ = {
			isa = XCBuildConfiguration;
			buildSettings = {
				ALWAYS_SEARCH_USER_PATHS = NO;
				CLANG_ANALYZER_NONNULL = YES;
				CLANG_ANALYZER_NUMBER_OBJECT_CONVERSION = YES_AGGRESSIVE;
				CLANG_CXX_LANGUAGE_STANDARD = "gnu++0x";
				CLANG_CXX_LIBRARY = "libc++";
				CLANG_ENABLE_MODULES = YES;
				CLANG_ENABLE_OBJC_ARC = YES;
				CLANG_WARN_BOOL_CONVERSION = YES;
				CLANG_WARN_CONSTANT_CONVERSION = YES;
				CLANG_WARN_DIRECT_OBJC_ISA_USAGE = YES_ERROR;
				CLANG_WARN_DOCUMENTATION_COMMENTS = YES;
				CLANG_WARN_EMPTY_BODY = YES;
				CLANG_WARN_ENUM_CONVERSION = YES;
				CLANG_WARN_INFINITE_RECURSION = YES;
				CLANG_WARN_INT_CONVERSION = YES;
				CLANG_WARN_OBJC_ROOT_CLASS = YES_ERROR;
				CLANG_WARN_SUSPICIOUS_MOVE = YES;
				CLANG_WARN_UNREACHABLE_CODE = YES;
				CLANG_WARN__DUPLICATE_METHOD_MATCH = YES;
				"CODE_SIGN_IDENTITY[sdk=iphoneos*]" = "iPhone Developer";
				COPY_PHASE_STRIP = NO;
				DEBUG_INFORMATION_FORMAT = dwarf;
				ENABLE_STRICT_OBJC_MSGSEND = YES;
				ENABLE_TESTABILITY = YES;
				GCC_C_LANGUAGE_STANDARD = gnu99;
				GCC_DYNAMIC_NO_PIC = NO;
				GCC_NO_COMMON_BLOCKS = YES;
				GCC_OPTIMIZATION_LEVEL = 0;
				GCC_PREPROCESSOR_DEFINITIONS = (
					"DEBUG=1",
					"$(inherited)",
				);
				GCC_WARN_64_TO_32_BIT_CONVERSION = YES;
				GCC_WARN_ABOUT_RETURN_TYPE = YES_ERROR;
				GCC_WARN_UNDECLARED_SELECTOR = YES;
				GCC_WARN_UNINITIALIZED_AUTOS = YES_AGGRESSIVE;
				GCC_WARN_UNUSED_FUNCTION = YES;
				GCC_WARN_UNUSED_VARIABLE = YES;
				IPHONEOS_DEPLOYMENT_TARGET = 10.3;
				MTL_ENABLE_DEBUG_INFO = YES;
				ONLY_ACTIVE_ARCH = YES;
				SDKROOT = iphoneos;
				TARGETED_DEVICE_FAMILY = "1,2";
			};
			name = Debug;
		};
		55469BFA1F41DA3C0041F1A8 /* Release */ = {
			isa = XCBuildConfiguration;
			buildSettings = {
				ALWAYS_SEARCH_USER_PATHS = NO;
				CLANG_ANALYZER_NONNULL = YES;
				CLANG_ANALYZER_NUMBER_OBJECT_CONVERSION = YES_AGGRESSIVE;
				CLANG_CXX_LANGUAGE_STANDARD = "gnu++0x";
				CLANG_CXX_LIBRARY = "libc++";
				CLANG_ENABLE_MODULES = YES;
				CLANG_ENABLE_OBJC_ARC = YES;
				CLANG_WARN_BOOL_CONVERSION = YES;
				CLANG_WARN_CONSTANT_CONVERSION = YES;
				CLANG_WARN_DIRECT_OBJC_ISA_USAGE = YES_ERROR;
				CLANG_WARN_DOCUMENTATION_COMMENTS = YES;
				CLANG_WARN_EMPTY_BODY = YES;
				CLANG_WARN_ENUM_CONVERSION = YES;
				CLANG_WARN_INFINITE_RECURSION = YES;
				CLANG_WARN_INT_CONVERSION = YES;
				CLANG_WARN_OBJC_ROOT_CLASS = YES_ERROR;
				CLANG_WARN_SUSPICIOUS_MOVE = YES;
				CLANG_WARN_UNREACHABLE_CODE = YES;
				CLANG_WARN__DUPLICATE_METHOD_MATCH = YES;
				"CODE_SIGN_IDENTITY[sdk=iphoneos*]" = "iPhone Developer";
				COPY_PHASE_STRIP = NO;
				DEBUG_INFORMATION_FORMAT = "dwarf-with-dsym";
				ENABLE_NS_ASSERTIONS = NO;
				ENABLE_STRICT_OBJC_MSGSEND = YES;
				GCC_C_LANGUAGE_STANDARD = gnu99;
				GCC_NO_COMMON_BLOCKS = YES;
				GCC_WARN_64_TO_32_BIT_CONVERSION = YES;
				GCC_WARN_ABOUT_RETURN_TYPE = YES_ERROR;
				GCC_WARN_UNDECLARED_SELECTOR = YES;
				GCC_WARN_UNINITIALIZED_AUTOS = YES_AGGRESSIVE;
				GCC_WARN_UNUSED_FUNCTION = YES;
				GCC_WARN_UNUSED_VARIABLE = YES;
				IPHONEOS_DEPLOYMENT_TARGET = 10.3;
				MTL_ENABLE_DEBUG_INFO = NO;
				SDKROOT = iphoneos;
				TARGETED_DEVICE_FAMILY = "1,2";
				VALIDATE_PRODUCT = YES;
			};
			name = Release;
		};
		55469BFC1F41DA3C0041F1A8 /* Debug */ = {
			isa = XCBuildConfiguration;
			buildSettings = {
				ASSETCATALOG_COMPILER_APPICON_NAME = AppIcon;
				INFOPLIST_FILE = "算法学习/Info.plist";
				LD_RUNPATH_SEARCH_PATHS = "$(inherited) @executable_path/Frameworks";
				PRODUCT_BUNDLE_IDENTIFIER = "chemucao.guoyi.----";
				PRODUCT_NAME = "$(TARGET_NAME)";
			};
			name = Debug;
		};
		55469BFD1F41DA3C0041F1A8 /* Release */ = {
			isa = XCBuildConfiguration;
			buildSettings = {
				ASSETCATALOG_COMPILER_APPICON_NAME = AppIcon;
				INFOPLIST_FILE = "算法学习/Info.plist";
				LD_RUNPATH_SEARCH_PATHS = "$(inherited) @executable_path/Frameworks";
				PRODUCT_BUNDLE_IDENTIFIER = "chemucao.guoyi.----";
				PRODUCT_NAME = "$(TARGET_NAME)";
			};
			name = Release;
		};
		55469BFF1F41DA3C0041F1A8 /* Debug */ = {
			isa = XCBuildConfiguration;
			buildSettings = {
				BUNDLE_LOADER = "$(TEST_HOST)";
				INFOPLIST_FILE = "算法学习Tests/Info.plist";
				LD_RUNPATH_SEARCH_PATHS = "$(inherited) @executable_path/Frameworks @loader_path/Frameworks";
				PRODUCT_BUNDLE_IDENTIFIER = "chemucao.guoyi.----Tests";
				PRODUCT_NAME = "$(TARGET_NAME)";
				TEST_HOST = "$(BUILT_PRODUCTS_DIR)/算法学习.app/算法学习";
			};
			name = Debug;
		};
		55469C001F41DA3C0041F1A8 /* Release */ = {
			isa = XCBuildConfiguration;
			buildSettings = {
				BUNDLE_LOADER = "$(TEST_HOST)";
				INFOPLIST_FILE = "算法学习Tests/Info.plist";
				LD_RUNPATH_SEARCH_PATHS = "$(inherited) @executable_path/Frameworks @loader_path/Frameworks";
				PRODUCT_BUNDLE_IDENTIFIER = "chemucao.guoyi.----Tests";
				PRODUCT_NAME = "$(TARGET_NAME)";
				TEST_HOST = "$(BUILT_PRODUCTS_DIR)/算法学习.app/算法学习";
			};
			name = Release;
		};
		55469C021F41DA3C0041F1A8 /* Debug */ = {
			isa = XCBuildConfiguration;
			buildSettings = {
				INFOPLIST_FILE = "算法学习UITests/Info.plist";
				LD_RUNPATH_SEARCH_PATHS = "$(inherited) @executable_path/Frameworks @loader_path/Frameworks";
				PRODUCT_BUNDLE_IDENTIFIER = "chemucao.guoyi.----UITests";
				PRODUCT_NAME = "$(TARGET_NAME)";
				TEST_TARGET_NAME = "算法学习";
			};
			name = Debug;
		};
		55469C031F41DA3C0041F1A8 /* Release */ = {
			isa = XCBuildConfiguration;
			buildSettings = {
				INFOPLIST_FILE = "算法学习UITests/Info.plist";
				LD_RUNPATH_SEARCH_PATHS = "$(inherited) @executable_path/Frameworks @loader_path/Frameworks";
				PRODUCT_BUNDLE_IDENTIFIER = "chemucao.guoyi.----UITests";
				PRODUCT_NAME = "$(TARGET_NAME)";
				TEST_TARGET_NAME = "算法学习";
			};
			name = Release;
		};
/* End XCBuildConfiguration section */

/* Begin XCConfigurationList section */
		55469BC91F41DA3C0041F1A8 /* Build configuration list for PBXProject "算法学习" */ = {
			isa = XCConfigurationList;
			buildConfigurations = (
				55469BF91F41DA3C0041F1A8 /* Debug */,
				55469BFA1F41DA3C0041F1A8 /* Release */,
			);
			defaultConfigurationIsVisible = 0;
			defaultConfigurationName = Release;
		};
		55469BFB1F41DA3C0041F1A8 /* Build configuration list for PBXNativeTarget "算法学习" */ = {
			isa = XCConfigurationList;
			buildConfigurations = (
				55469BFC1F41DA3C0041F1A8 /* Debug */,
				55469BFD1F41DA3C0041F1A8 /* Release */,
			);
			defaultConfigurationIsVisible = 0;
		};
		55469BFE1F41DA3C0041F1A8 /* Build configuration list for PBXNativeTarget "算法学习Tests" */ = {
			isa = XCConfigurationList;
			buildConfigurations = (
				55469BFF1F41DA3C0041F1A8 /* Debug */,
				55469C001F41DA3C0041F1A8 /* Release */,
			);
			defaultConfigurationIsVisible = 0;
		};
		55469C011F41DA3C0041F1A8 /* Build configuration list for PBXNativeTarget "算法学习UITests" */ = {
			isa = XCConfigurationList;
			buildConfigurations = (
				55469C021F41DA3C0041F1A8 /* Debug */,
				55469C031F41DA3C0041F1A8 /* Release */,
			);
			defaultConfigurationIsVisible = 0;
		};
/* End XCConfigurationList section */
	};
	rootObject = 55469BC61F41DA3C0041F1A8 /* Project object */;
}
